
Microsoft Visual Studio Solution File, Format Version 12.00
# Visual Studio Version 16
VisualStudioVersion = 16.0.31702.278
MinimumVisualStudioVersion = 10.0.40219.1
Project("{FAE04EC0-301F-11D3-BF4B-00C04F79EFBC}") = "Movie_Api", "Movie_Api\Movie_Api.csproj", "{B8609944-55EF-463B-BB40-36526844CECC}"
EndProject
Global
	GlobalSection(SolutionConfigurationPlatforms) = preSolution
		Debug|Any CPU = Debug|Any CPU
		Release|Any CPU = Release|Any CPU
	EndGlobalSection
	GlobalSection(ProjectConfigurationPlatforms) = postSolution
		{B8609944-55EF-463B-BB40-36526844CECC}.Debug|Any CPU.ActiveCfg = Debug|Any CPU
		{B8609944-55EF-463B-BB40-36526844CECC}.Debug|Any CPU.Build.0 = Debug|Any CPU
		{B8609944-55EF-463B-BB40-36526844CECC}.Release|Any CPU.ActiveCfg = Release|Any CPU
		{B8609944-55EF-463B-BB40-36526844CECC}.Release|Any CPU.Build.0 = Release|Any CPU
	EndGlobalSection
	GlobalSection(SolutionProperties) = preSolution
		HideSolutionNode = FALSE
	EndGlobalSection
	GlobalSection(ExtensibilityGlobals) = postSolution
		SolutionGuid = {21584499-B1E4-408F-9994-7E273E78AFAE}
	EndGlobalSection
EndGlobal
